
Microsoft Visual Studio Solution File, Format Version 11.00
# Visual Studio 2010
Project("{8BC9CEB8-8B4A-11D0-8D11-00A0C91BC942}") = "windowDemo", "windowDemo\windowDemo.vcxproj", "{EC1BFDD3-25DC-4D49-AB66-5D0D9945B1CA}"
EndProject
Global
	GlobalSection(SolutionConfigurationPlatforms) = preSolution
		Debug|Win32 = Debug|Win32
		Release|Win32 = Release|Win32
	EndGlobalSection
	GlobalSection(ProjectConfigurationPlatforms) = postSolution
		{EC1BFDD3-25DC-4D49-AB66-5D0D9945B1CA}.Debug|Win32.ActiveCfg = Debug|Win32
		{EC1BFDD3-25DC-4D49-AB66-5D0D9945B1CA}.Debug|Win32.Build.0 = Debug|Win32
		{EC1BFDD3-25DC-4D49-AB66-5D0D9945B1CA}.Release|Win32.ActiveCfg = Release|Win32
		{EC1BFDD3-25DC-4D49-AB66-5D0D9945B1CA}.Release|Win32.Build.0 = Release|Win32
	EndGlobalSection
	GlobalSection(SolutionProperties) = preSolution
		HideSolutionNode = FALSE
	EndGlobalSection
EndGlobal
